
Microsoft Visual Studio Solution File, Format Version 12.00
# Visual Studio Version 17
VisualStudioVersion = 17.7.34221.43
MinimumVisualStudioVersion = 10.0.40219.1
Project("{FAE04EC0-301F-11D3-BF4B-00C04F79EFBC}") = "StaticConstructor", "StaticConstructor\StaticConstructor.csproj", "{2722B220-DFC5-43E4-BA5D-1CDC865A20F3}"
EndProject
Global
	GlobalSection(SolutionConfigurationPlatforms) = preSolution
		Debug|Any CPU = Debug|Any CPU
		Release|Any CPU = Release|Any CPU
	EndGlobalSection
	GlobalSection(ProjectConfigurationPlatforms) = postSolution
		{2722B220-DFC5-43E4-BA5D-1CDC865A20F3}.Debug|Any CPU.ActiveCfg = Debug|Any CPU
		{2722B220-DFC5-43E4-BA5D-1CDC865A20F3}.Debug|Any CPU.Build.0 = Debug|Any CPU
		{2722B220-DFC5-43E4-BA5D-1CDC865A20F3}.Release|Any CPU.ActiveCfg = Release|Any CPU
		{2722B220-DFC5-43E4-BA5D-1CDC865A20F3}.Release|Any CPU.Build.0 = Release|Any CPU
	EndGlobalSection
	GlobalSection(SolutionProperties) = preSolution
		HideSolutionNode = FALSE
	EndGlobalSection
	GlobalSection(ExtensibilityGlobals) = postSolution
		SolutionGuid = {C9FF6A0A-15AF-48BF-9D5B-4779C67E9301}
	EndGlobalSection
EndGlobal
